
Microsoft Visual Studio Solution File, Format Version 12.00
# Visual Studio Version 17
VisualStudioVersion = 17.1.32328.378
MinimumVisualStudioVersion = 10.0.40219.1
Project("{9A19103F-16F7-4668-BE54-9A1E7A4F7556}") = "LaserSausagesAPI", "LaserSausagesAPI\LaserSausagesAPI.csproj", "{F7B8B88B-ECF7-497E-ACDC-F28C047E7E38}"
EndProject
Project("{FAE04EC0-301F-11D3-BF4B-00C04F79EFBC}") = "LaserSausagesAPITests", "LaserSausagesAPITests\LaserSausagesAPITests.csproj", "{349FBFA3-7633-4842-8605-63F6C11C8FAA}"
EndProject
Global
	GlobalSection(SolutionConfigurationPlatforms) = preSolution
		Debug|Any CPU = Debug|Any CPU
		Release|Any CPU = Release|Any CPU
	EndGlobalSection
	GlobalSection(ProjectConfigurationPlatforms) = postSolution
		{F7B8B88B-ECF7-497E-ACDC-F28C047E7E38}.Debug|Any CPU.ActiveCfg = Debug|Any CPU
		{F7B8B88B-ECF7-497E-ACDC-F28C047E7E38}.Debug|Any CPU.Build.0 = Debug|Any CPU
		{F7B8B88B-ECF7-497E-ACDC-F28C047E7E38}.Release|Any CPU.ActiveCfg = Release|Any CPU
		{F7B8B88B-ECF7-497E-ACDC-F28C047E7E38}.Release|Any CPU.Build.0 = Release|Any CPU
		{349FBFA3-7633-4842-8605-63F6C11C8FAA}.Debug|Any CPU.ActiveCfg = Debug|Any CPU
		{349FBFA3-7633-4842-8605-63F6C11C8FAA}.Debug|Any CPU.Build.0 = Debug|Any CPU
		{349FBFA3-7633-4842-8605-63F6C11C8FAA}.Release|Any CPU.ActiveCfg = Release|Any CPU
		{349FBFA3-7633-4842-8605-63F6C11C8FAA}.Release|Any CPU.Build.0 = Release|Any CPU
	EndGlobalSection
	GlobalSection(SolutionProperties) = preSolution
		HideSolutionNode = FALSE
	EndGlobalSection
	GlobalSection(ExtensibilityGlobals) = postSolution
		SolutionGuid = {3FEC8FEE-22FF-42DE-9882-5C7F918F004E}
	EndGlobalSection
EndGlobal
